
Microsoft Visual Studio Solution File, Format Version 12.00
# Visual Studio Version 16
VisualStudioVersion = 16.0.33529.622
MinimumVisualStudioVersion = 10.0.40219.1
Project("{FAE04EC0-301F-11D3-BF4B-00C04F79EFBC}") = "MovieDB", "MovieDB.csproj", "{89FED3EB-E313-4288-9CF0-EB2C2B433ECE}"
EndProject
Global
	GlobalSection(SolutionConfigurationPlatforms) = preSolution
		Debug|Any CPU = Debug|Any CPU
		Release|Any CPU = Release|Any CPU
	EndGlobalSection
	GlobalSection(ProjectConfigurationPlatforms) = postSolution
		{89FED3EB-E313-4288-9CF0-EB2C2B433ECE}.Debug|Any CPU.ActiveCfg = Debug|Any CPU
		{89FED3EB-E313-4288-9CF0-EB2C2B433ECE}.Debug|Any CPU.Build.0 = Debug|Any CPU
		{89FED3EB-E313-4288-9CF0-EB2C2B433ECE}.Release|Any CPU.ActiveCfg = Release|Any CPU
		{89FED3EB-E313-4288-9CF0-EB2C2B433ECE}.Release|Any CPU.Build.0 = Release|Any CPU
	EndGlobalSection
	GlobalSection(SolutionProperties) = preSolution
		HideSolutionNode = FALSE
	EndGlobalSection
	GlobalSection(ExtensibilityGlobals) = postSolution
		SolutionGuid = {C1D8AE3F-2058-4B6F-9B5C-945432CDD656}
	EndGlobalSection
EndGlobal
